{
  "name": "flagdock",
  "version": "1.0.0",
  "lockfileVersion": 3,
  "requires": true,
  "packages": {
    "": {
      "name": "flagdock",
      "version": "1.0.0",
      "license": "ISC",
      "dependencies": {
        "@liontree/opencode-agent-sdk": "^0.2.0",
        "ws": "^8.21.1",
        "yaml": "^2.8.3"
      },
      "bin": {
        "flagdock": "bin/flagdock.js"
      }
    },
    "node_modules/@liontree/opencode-agent-sdk": {
      "version": "0.2.0",
      "resolved": "https://registry.npmjs.org/@liontree/opencode-agent-sdk/-/opencode-agent-sdk-0.2.0.tgz",
      "integrity": "sha512-xq8Haf+eKW2UfGdDvXXB98Yr8YJYlv0hiot0ejeNvPCrOtPzG7NH7Tchyg8mE40U9fBownVeb7taq9maQeTypw==",
      "license": "MIT",
      "dependencies": {
        "@opencode-ai/sdk": "^1.2.15",
        "opencode-ai": "^1.2.15"
      }
    },
    "node_modules/@opencode-ai/sdk": {
      "version": "1.18.15",
      "resolved": "https://registry.npmjs.org/@opencode-ai/sdk/-/sdk-1.18.15.tgz",
      "integrity": "sha512-8sfo9nGiVwesAZW9Wqkvynyn7w4wYaHx1O9qOHpYL65+Bs2XUpHP3kBbZe58gjQydFgk6I74kUF7sqCiPu2arQ==",
      "license": "MIT",
      "dependencies": {
        "cross-spawn": "7.0.6"
      }
    },
    "node_modules/cross-spawn": {
      "version": "7.0.6",
      "resolved": "https://registry.npmjs.org/cross-spawn/-/cross-spawn-7.0.6.tgz",
      "integrity": "sha512-uV2QOWP2nWzsy2aMp8aRibhi9dlzF5Hgh5SHaB9OiTGEyDTiJJyx0uy51QXdyWbtAHNua4XJzUKca3OzKUd3vA==",
      "license": "MIT",
      "dependencies": {
        "path-key": "^3.1.0",
        "shebang-command": "^2.0.0",
        "which": "^2.0.1"
      },
      "engines": {
        "node": ">= 8"
      }
    },
    "node_modules/isexe": {
      "version": "2.0.0",
      "resolved": "https://registry.npmjs.org/isexe/-/isexe-2.0.0.tgz",
      "integrity": "sha512-RHxMLp9lnKHGHRng9QFhRCMbYAcVpn69smSGcq3f36xjgVVWThj4qqLbTLlq7Ssj8B+fIQ1EuCEGI2lKsyQeIw==",
      "license": "ISC"
    },
    "node_modules/opencode-ai": {
      "version": "1.18.15",
      "resolved": "https://registry.npmjs.org/opencode-ai/-/opencode-ai-1.18.15.tgz",
      "integrity": "sha512-97T8+zrW9LwA1X2giwNSUAmsZm6Ilejq3cLpih3y2X6qYZyT8HjuVawFyZut8F3XBge1pfG7SOh5/1dJcteSOw==",
      "cpu": [
        "arm64",
        "x64"
      ],
      "hasInstallScript": true,
      "license": "MIT",
      "os": [
        "darwin",
        "linux",
        "win32"
      ],
      "bin": {
        "opencode": "bin/opencode.exe"
      },
      "optionalDependencies": {
        "opencode-darwin-arm64": "1.18.15",
        "opencode-darwin-x64": "1.18.15",
        "opencode-darwin-x64-baseline": "1.18.15",
        "opencode-linux-arm64": "1.18.15",
        "opencode-linux-arm64-musl": "1.18.15",
        "opencode-linux-x64": "1.18.15",
        "opencode-linux-x64-baseline": "1.18.15",
        "opencode-linux-x64-baseline-musl": "1.18.15",
        "opencode-linux-x64-musl": "1.18.15",
        "opencode-windows-arm64": "1.18.15",
        "opencode-windows-x64": "1.18.15",
        "opencode-windows-x64-baseline": "1.18.15"
      }
    },
    "node_modules/opencode-darwin-arm64": {
      "version": "1.18.15",
      "resolved": "https://registry.npmjs.org/opencode-darwin-arm64/-/opencode-darwin-arm64-1.18.15.tgz",
      "integrity": "sha512-cQNylgrCzhuEJV8EZzMb80RfCJVx972FfD4iNGaGbXxJ/0hAKahhvsasMAK9557o4JMYbsEcxbXGOTuwoDc0sA==",
      "cpu": [
        "arm64"
      ],
      "optional": true,
      "os": [
        "darwin"
      ]
    },
    "node_modules/opencode-darwin-x64": {
      "version": "1.18.15",
      "resolved": "https://registry.npmjs.org/opencode-darwin-x64/-/opencode-darwin-x64-1.18.15.tgz",
      "integrity": "sha512-Mk+4r5RE+3CmRk7aRW8IUeJJpuUxVn9zeQ7n7sVbUIWbjVGzfwtPWGDkwumqLdxDQiLNRNaPBnESxSaadgSdEA==",
      "cpu": [
        "x64"
      ],
      "optional": true,
      "os": [
        "darwin"
      ]
    },
    "node_modules/opencode-darwin-x64-baseline": {
      "version": "1.18.15",
      "resolved": "https://registry.npmjs.org/opencode-darwin-x64-baseline/-/opencode-darwin-x64-baseline-1.18.15.tgz",
      "integrity": "sha512-1ywad+MK9Fp/vnOnMuIVi+/t2AO6rFz4Q844hgo4//NjVhL187RCsLLChkiOryh8nvovNUQVwbM/l+M8HiSFEg==",
      "cpu": [
        "x64"
      ],
      "optional": true,
      "os": [
        "darwin"
      ]
    },
    "node_modules/opencode-linux-arm64": {
      "version": "1.18.15",
      "resolved": "https://registry.npmjs.org/opencode-linux-arm64/-/opencode-linux-arm64-1.18.15.tgz",
      "integrity": "sha512-lJ+pPrJOxo3U2HeXis9aN/vrSFf1iXZXC9S0mTSWtm7qnFOJ3SLI7ALf7NKZoRHOOKUs9RfjR1DMLjzBcGAXog==",
      "cpu": [
        "arm64"
      ],
      "optional": true,
      "os": [
        "linux"
      ]
    },
    "node_modules/opencode-linux-arm64-musl": {
      "version": "1.18.15",
      "resolved": "https://registry.npmjs.org/opencode-linux-arm64-musl/-/opencode-linux-arm64-musl-1.18.15.tgz",
      "integrity": "sha512-ttDdG8OKLvkfxfApnpuIqltxp5wwqVeYBKF7giE6pyxJQv5v+QsE7cS/CGorwiDrLMKDSrY1ERgFbuGi2MW2wA==",
      "cpu": [
        "arm64"
      ],
      "optional": true,
      "os": [
        "linux"
      ]
    },
    "node_modules/opencode-linux-x64": {
      "version": "1.18.15",
      "resolved": "https://registry.npmjs.org/opencode-linux-x64/-/opencode-linux-x64-1.18.15.tgz",
      "integrity": "sha512-skbLGoflCqUSjSN60lXau6t6F0d1kpcf3N9L76hZsRfKJJeyqv+rybhLK6XUdnBzI1jDgg7+zw9bCvDr+UaI8A==",
      "cpu": [
        "x64"
      ],
      "optional": true,
      "os": [
        "linux"
      ]
    },
    "node_modules/opencode-linux-x64-baseline": {
      "version": "1.18.15",
      "resolved": "https://registry.npmjs.org/opencode-linux-x64-baseline/-/opencode-linux-x64-baseline-1.18.15.tgz",
      "integrity": "sha512-u77OHzEB0MYN3PCW/gzPS6uOdgSVlRinRXXQw0QYNwfEllCUV+EXaEhW2ewChA2LpfYRxrcSP3vgN6jUgFsk/A==",
      "cpu": [
        "x64"
      ],
      "optional": true,
      "os": [
        "linux"
      ]
    },
    "node_modules/opencode-linux-x64-baseline-musl": {
      "version": "1.18.15",
      "resolved": "https://registry.npmjs.org/opencode-linux-x64-baseline-musl/-/opencode-linux-x64-baseline-musl-1.18.15.tgz",
      "integrity": "sha512-AkpmO8X61X0Jj3WJtcJdIh/qB2J2pJn5hCrPaNuozjCV52+9zdnpbMKnk7IH0fJErWLf2OJfZVeYQhFHpLqHvw==",
      "cpu": [
        "x64"
      ],
      "optional": true,
      "os": [
        "linux"
      ]
    },
    "node_modules/opencode-linux-x64-musl": {
      "version": "1.18.15",
      "resolved": "https://registry.npmjs.org/opencode-linux-x64-musl/-/opencode-linux-x64-musl-1.18.15.tgz",
      "integrity": "sha512-vuctwoTBJoBKb047lBCLqqYY0FUIciM1g9CYeknaKSwA4LuoCXnCfHZzCPfLgcVH1WCCmMMtUhjc8A0V5UZwFA==",
      "cpu": [
        "x64"
      ],
      "optional": true,
      "os": [
        "linux"
      ]
    },
    "node_modules/opencode-windows-arm64": {
      "version": "1.18.15",
      "resolved": "https://registry.npmjs.org/opencode-windows-arm64/-/opencode-windows-arm64-1.18.15.tgz",
      "integrity": "sha512-qID37GgDGVsJB+f5HgLNLzk7lclG+rWRgV93owv1xIRADD0IcjHtdyzuU9mPqFgZ5mC0jtyIrnh3ZxQBrlckVg==",
      "cpu": [
        "arm64"
      ],
      "optional": true,
      "os": [
        "win32"
      ]
    },
    "node_modules/opencode-windows-x64": {
      "version": "1.18.15",
      "resolved": "https://registry.npmjs.org/opencode-windows-x64/-/opencode-windows-x64-1.18.15.tgz",
      "integrity": "sha512-Tfpj0VyWemoaTQhpiwb2FQ+7BLrvrzBGPWndSVlpOXFJ7bv5I/Rt+Jp/1bf4PYddMDULtSV8dtRg2oL6Sdl29Q==",
      "cpu": [
        "x64"
      ],
      "optional": true,
      "os": [
        "win32"
      ]
    },
    "node_modules/opencode-windows-x64-baseline": {
      "version": "1.18.15",
      "resolved": "https://registry.npmjs.org/opencode-windows-x64-baseline/-/opencode-windows-x64-baseline-1.18.15.tgz",
      "integrity": "sha512-4wr7lg4ajrAvPLrEMht8SZEgTfZBkc6yvFYAlo8Py3ld1EpfPVVu8UeI1Lp2VsaV1QycPj4E0DtoCCmYEI9f0g==",
      "cpu": [
        "x64"
      ],
      "optional": true,
      "os": [
        "win32"
      ]
    },
    "node_modules/path-key": {
      "version": "3.1.1",
      "resolved": "https://registry.npmjs.org/path-key/-/path-key-3.1.1.tgz",
      "integrity": "sha512-ojmeN0qd+y0jszEtoY48r0Peq5dwMEkIlCOu6Q5f41lfkswXuKtYrhgoTpLnyIcHm24Uhqx+5Tqm2InSwLhE6Q==",
      "license": "MIT",
      "engines": {
        "node": ">=8"
      }
    },
    "node_modules/shebang-command": {
      "version": "2.0.0",
      "resolved": "https://registry.npmjs.org/shebang-command/-/shebang-command-2.0.0.tgz",
      "integrity": "sha512-kHxr2zZpYtdmrN1qDjrrX/Z1rR1kG8Dx+gkpK1G4eXmvXswmcE1hTWBWYUzlraYw1/yZp6YuDY77YtvbN0dmDA==",
      "license": "MIT",
      "dependencies": {
        "shebang-regex": "^3.0.0"
      },
      "engines": {
        "node": ">=8"
      }
    },
    "node_modules/shebang-regex": {
      "version": "3.0.0",
      "resolved": "https://registry.npmjs.org/shebang-regex/-/shebang-regex-3.0.0.tgz",
      "integrity": "sha512-7++dFhtcx3353uBaq8DDR4NuxBetBzC7ZQOhmTQInHEd6bSrXdiEyzCvG07Z44UYdLShWUyXt5M/yhz8ekcb1A==",
      "license": "MIT",
      "engines": {
        "node": ">=8"
      }
    },
    "node_modules/which": {
      "version": "2.0.2",
      "resolved": "https://registry.npmjs.org/which/-/which-2.0.2.tgz",
      "integrity": "sha512-BLI3Tl1TW3Pvl70l3yq3Y64i+awpwXqsGBYWkkqMtnbXgrMD+yj7rhW0kuEDxzJaYXGjEW5ogapKNMEKNMjibA==",
      "license": "ISC",
      "dependencies": {
        "isexe": "^2.0.0"
      },
      "bin": {
        "node-which": "bin/node-which"
      },
      "engines": {
        "node": ">= 8"
      }
    },
    "node_modules/ws": {
      "version": "8.21.3",
      "resolved": "https://registry.npmjs.org/ws/-/ws-8.21.3.tgz",
      "integrity": "sha512-201TZ/kPWxoPr/OKWjquZR1SWKXcvxdH+e1xrx89b3YbmzLMFCLfnaG1HFIgWzJOEWZ7MvpK++odZufgYR50Rw==",
      "license": "MIT",
      "engines": {
        "node": ">=10.0.0"
      },
      "peerDependencies": {
        "bufferutil": "^4.0.1",
        "utf-8-validate": ">=5.0.2"
      },
      "peerDependenciesMeta": {
        "bufferutil": {
          "optional": true
        },
        "utf-8-validate": {
          "optional": true
        }
      }
    },
    "node_modules/yaml": {
      "version": "2.8.3",
      "resolved": "https://registry.npmjs.org/yaml/-/yaml-2.8.3.tgz",
      "integrity": "sha512-AvbaCLOO2Otw/lW5bmh9d/WEdcDFdQp2Z2ZUH3pX9U2ihyUY0nvLv7J6TrWowklRGPYbB/IuIMfYgxaCPg5Bpg==",
      "license": "ISC",
      "bin": {
        "yaml": "bin.mjs"
      },
      "engines": {
        "node": ">= 14.6"
      },
      "funding": {
        "url": "https://github.com/sponsors/eemeli"
      }
    }
  }
}
